
Microsoft Visual Studio Solution File, Format Version 10.00
# Visual Studio 2008
Project("{8BC9CEB8-8B4A-11D0-8D11-00A0C91BC942}") = "25-11-16", "25-11-16.vcproj", "{FE5D0FEE-9FDA-44A4-AF6B-DA4FEDA2EE07}"
EndProject
Project("{8BC9CEB8-8B4A-11D0-8D11-00A0C91BC942}") = "dll", "dll\dll.vcproj", "{60CFB50C-4882-405E-BF93-BA842F384626}"
EndProject
Global
	GlobalSection(SolutionConfigurationPlatforms) = preSolution
		Debug|Win32 = Debug|Win32
		Release|Win32 = Release|Win32
	EndGlobalSection
	GlobalSection(ProjectConfigurationPlatforms) = postSolution
		{FE5D0FEE-9FDA-44A4-AF6B-DA4FEDA2EE07}.Debug|Win32.ActiveCfg = Debug|Win32
		{FE5D0FEE-9FDA-44A4-AF6B-DA4FEDA2EE07}.Debug|Win32.Build.0 = Debug|Win32
		{FE5D0FEE-9FDA-44A4-AF6B-DA4FEDA2EE07}.Release|Win32.ActiveCfg = Release|Win32
		{FE5D0FEE-9FDA-44A4-AF6B-DA4FEDA2EE07}.Release|Win32.Build.0 = Release|Win32
		{60CFB50C-4882-405E-BF93-BA842F384626}.Debug|Win32.ActiveCfg = Debug|Win32
		{60CFB50C-4882-405E-BF93-BA842F384626}.Debug|Win32.Build.0 = Debug|Win32
		{60CFB50C-4882-405E-BF93-BA842F384626}.Release|Win32.ActiveCfg = Release|Win32
		{60CFB50C-4882-405E-BF93-BA842F384626}.Release|Win32.Build.0 = Release|Win32
	EndGlobalSection
	GlobalSection(SolutionProperties) = preSolution
		HideSolutionNode = FALSE
	EndGlobalSection
EndGlobal
